
Microsoft Visual Studio Solution File, Format Version 12.00
# Visual Studio Version 17
VisualStudioVersion = 17.5.002.0
MinimumVisualStudioVersion = 10.0.40219.1
Project("{2150E333-8FDC-42A3-9474-1A3956D46DE8}") = "csharp-prep", "csharp-prep", "{33FABC40-81F1-4235-B56A-3939C3D3AE34}"
EndProject
Project("{9A19103F-16F7-4668-BE54-9A1E7A4F7556}") = "Prep1", "csharp-prep\Prep1\Prep1.csproj", "{502C56C0-4B61-43CC-BF95-5F3030B7A8C5}"
EndProject
Project("{9A19103F-16F7-4668-BE54-9A1E7A4F7556}") = "Prep2", "csharp-prep\Prep2\Prep2.csproj", "{E0B13D05-3EF0-4D2C-A671-361DD0419B4B}"
EndProject
Project("{9A19103F-16F7-4668-BE54-9A1E7A4F7556}") = "Prep3", "csharp-prep\Prep3\Prep3.csproj", "{193D533F-A345-4D8D-AA27-5CA4116392DC}"
EndProject
Project("{9A19103F-16F7-4668-BE54-9A1E7A4F7556}") = "Prep4", "csharp-prep\Prep4\Prep4.csproj", "{98093839-2A7A-48AC-80C6-531D5A30A5C4}"
EndProject
Project("{9A19103F-16F7-4668-BE54-9A1E7A4F7556}") = "Prep5", "csharp-prep\Prep5\Prep5.csproj", "{C7F6198F-6CD4-4186-BC0F-943EA50A3C93}"
EndProject
Project("{2150E333-8FDC-42A3-9474-1A3956D46DE8}") = "final", "final", "{0F5B2C63-AB5E-43F8-8708-161291FFD2A6}"
EndProject
Project("{9A19103F-16F7-4668-BE54-9A1E7A4F7556}") = "FinalProject", "final\FinalProject\FinalProject.csproj", "{9B17EACE-43CB-40B8-B89B-46F8D5221F87}"
EndProject
Project("{9A19103F-16F7-4668-BE54-9A1E7A4F7556}") = "Foundation1", "final\Foundation1\Foundation1.csproj", "{F681BE28-C36E-4AFE-91D5-B80774F06EA6}"
EndProject
Project("{9A19103F-16F7-4668-BE54-9A1E7A4F7556}") = "Foundation2", "final\Foundation2\Foundation2.csproj", "{149328B7-2907-407D-9029-107B7EFF4FAC}"
EndProject
Project("{9A19103F-16F7-4668-BE54-9A1E7A4F7556}") = "Foundation3", "final\Foundation3\Foundation3.csproj", "{50D34832-05BD-420C-9A21-1F2917FD35DD}"
EndProject
Project("{9A19103F-16F7-4668-BE54-9A1E7A4F7556}") = "Foundation4", "final\Foundation4\Foundation4.csproj", "{97FEFD77-740C-4C0C-84DF-5C9DB52817E5}"
EndProject
Project("{2150E333-8FDC-42A3-9474-1A3956D46DE8}") = "prepare", "prepare", "{C06D0B1A-030F-40CC-B1B2-B28B4181E602}"
EndProject
Project("{9A19103F-16F7-4668-BE54-9A1E7A4F7556}") = "Learning02", "prepare\Learning02\Learning02.csproj", "{A8EA0BA2-596B-4C89-8DDC-BF81AE914B07}"
EndProject
Project("{9A19103F-16F7-4668-BE54-9A1E7A4F7556}") = "Learning03", "prepare\Learning03\Learning03.csproj", "{4508A88E-A5F4-46EE-86B0-76C268C002A9}"
EndProject
Project("{9A19103F-16F7-4668-BE54-9A1E7A4F7556}") = "Learning04", "prepare\Learning04\Learning04.csproj", "{F013ACB5-A919-4B9F-AEA1-1094B169CB21}"
EndProject
Project("{9A19103F-16F7-4668-BE54-9A1E7A4F7556}") = "Learning05", "prepare\Learning05\Learning05.csproj", "{89209AA1-B1B0-446A-BFC8-F64303E8FD60}"
EndProject
Project("{2150E333-8FDC-42A3-9474-1A3956D46DE8}") = "prove", "prove", "{79B01264-BDE0-4F25-B45E-4D4A05DADED2}"
EndProject
Project("{9A19103F-16F7-4668-BE54-9A1E7A4F7556}") = "Develop02", "prove\Develop02\Develop02.csproj", "{D5FA1BE6-7F8B-4342-A912-FB02D55D1E06}"
EndProject
Project("{9A19103F-16F7-4668-BE54-9A1E7A4F7556}") = "Develop03", "prove\Develop03\Develop03.csproj", "{94D9C609-3B94-4D1B-8F03-2331BBC9DB3C}"
EndProject
Project("{9A19103F-16F7-4668-BE54-9A1E7A4F7556}") = "Develop04", "prove\Develop04\Develop04.csproj", "{AAD48569-4A7A-4FC0-A0A5-5BCB37FC25C4}"
EndProject
Project("{9A19103F-16F7-4668-BE54-9A1E7A4F7556}") = "Develop05", "prove\Develop05\Develop05.csproj", "{F4B2C3EA-5A81-43C0-A266-11E18C484C08}"
EndProject
Project("{2150E333-8FDC-42A3-9474-1A3956D46DE8}") = "sandbox", "sandbox", "{D3C172C3-FC32-410C-9DCB-EDE6FB50CE83}"
EndProject
Project("{9A19103F-16F7-4668-BE54-9A1E7A4F7556}") = "Sandbox", "sandbox\Sandbox\Sandbox.csproj", "{FA4829CA-F3AB-40E9-BE26-1D97BB4FF356}"
EndProject
Global
	GlobalSection(SolutionConfigurationPlatforms) = preSolution
		Debug|Any CPU = Debug|Any CPU
		Release|Any CPU = Release|Any CPU
	EndGlobalSection
	GlobalSection(ProjectConfigurationPlatforms) = postSolution
		{502C56C0-4B61-43CC-BF95-5F3030B7A8C5}.Debug|Any CPU.ActiveCfg = Debug|Any CPU
		{502C56C0-4B61-43CC-BF95-5F3030B7A8C5}.Debug|Any CPU.Build.0 = Debug|Any CPU
		{502C56C0-4B61-43CC-BF95-5F3030B7A8C5}.Release|Any CPU.ActiveCfg = Release|Any CPU
		{502C56C0-4B61-43CC-BF95-5F3030B7A8C5}.Release|Any CPU.Build.0 = Release|Any CPU
		{E0B13D05-3EF0-4D2C-A671-361DD0419B4B}.Debug|Any CPU.ActiveCfg = Debug|Any CPU
		{E0B13D05-3EF0-4D2C-A671-361DD0419B4B}.Debug|Any CPU.Build.0 = Debug|Any CPU
		{E0B13D05-3EF0-4D2C-A671-361DD0419B4B}.Release|Any CPU.ActiveCfg = Release|Any CPU
		{E0B13D05-3EF0-4D2C-A671-361DD0419B4B}.Release|Any CPU.Build.0 = Release|Any CPU
		{193D533F-A345-4D8D-AA27-5CA4116392DC}.Debug|Any CPU.ActiveCfg = Debug|Any CPU
		{193D533F-A345-4D8D-AA27-5CA4116392DC}.Debug|Any CPU.Build.0 = Debug|Any CPU
		{193D533F-A345-4D8D-AA27-5CA4116392DC}.Release|Any CPU.ActiveCfg = Release|Any CPU
		{193D533F-A345-4D8D-AA27-5CA4116392DC}.Release|Any CPU.Build.0 = Release|Any CPU
		{98093839-2A7A-48AC-80C6-531D5A30A5C4}.Debug|Any CPU.ActiveCfg = Debug|Any CPU
		{98093839-2A7A-48AC-80C6-531D5A30A5C4}.Debug|Any CPU.Build.0 = Debug|Any CPU
		{98093839-2A7A-48AC-80C6-531D5A30A5C4}.Release|Any CPU.ActiveCfg = Release|Any CPU
		{98093839-2A7A-48AC-80C6-531D5A30A5C4}.Release|Any CPU.Build.0 = Release|Any CPU
		{C7F6198F-6CD4-4186-BC0F-943EA50A3C93}.Debug|Any CPU.ActiveCfg = Debug|Any CPU
		{C7F6198F-6CD4-4186-BC0F-943EA50A3C93}.Debug|Any CPU.Build.0 = Debug|Any CPU
		{C7F6198F-6CD4-4186-BC0F-943EA50A3C93}.Release|Any CPU.ActiveCfg = Release|Any CPU
		{C7F6198F-6CD4-4186-BC0F-943EA50A3C93}.Release|Any CPU.Build.0 = Release|Any CPU
		{9B17EACE-43CB-40B8-B89B-46F8D5221F87}.Debug|Any CPU.ActiveCfg = Debug|Any CPU
		{9B17EACE-43CB-40B8-B89B-46F8D5221F87}.Debug|Any CPU.Build.0 = Debug|Any CPU
		{9B17EACE-43CB-40B8-B89B-46F8D5221F87}.Release|Any CPU.ActiveCfg = Release|Any CPU
		{9B17EACE-43CB-40B8-B89B-46F8D5221F87}.Release|Any CPU.Build.0 = Release|Any CPU
		{F681BE28-C36E-4AFE-91D5-B80774F06EA6}.Debug|Any CPU.ActiveCfg = Debug|Any CPU
		{F681BE28-C36E-4AFE-91D5-B80774F06EA6}.Debug|Any CPU.Build.0 = Debug|Any CPU
		{F681BE28-C36E-4AFE-91D5-B80774F06EA6}.Release|Any CPU.ActiveCfg = Release|Any CPU
		{F681BE28-C36E-4AFE-91D5-B80774F06EA6}.Release|Any CPU.Build.0 = Release|Any CPU
		{149328B7-2907-407D-9029-107B7EFF4FAC}.Debug|Any CPU.ActiveCfg = Debug|Any CPU
		{149328B7-2907-407D-9029-107B7EFF4FAC}.Debug|Any CPU.Build.0 = Debug|Any CPU
		{149328B7-2907-407D-9029-107B7EFF4FAC}.Release|Any CPU.ActiveCfg = Release|Any CPU
		{149328B7-2907-407D-9029-107B7EFF4FAC}.Release|Any CPU.Build.0 = Release|Any CPU
		{50D34832-05BD-420C-9A21-1F2917FD35DD}.Debug|Any CPU.ActiveCfg = Debug|Any CPU
		{50D34832-05BD-420C-9A21-1F2917FD35DD}.Debug|Any CPU.Build.0 = Debug|Any CPU
		{50D34832-05BD-420C-9A21-1F2917FD35DD}.Release|Any CPU.ActiveCfg = Release|Any CPU
		{50D34832-05BD-420C-9A21-1F2917FD35DD}.Release|Any CPU.Build.0 = Release|Any CPU
		{97FEFD77-740C-4C0C-84DF-5C9DB52817E5}.Debug|Any CPU.ActiveCfg = Debug|Any CPU
		{97FEFD77-740C-4C0C-84DF-5C9DB52817E5}.Debug|Any CPU.Build.0 = Debug|Any CPU
		{97FEFD77-740C-4C0C-84DF-5C9DB52817E5}.Release|Any CPU.ActiveCfg = Release|Any CPU
		{97FEFD77-740C-4C0C-84DF-5C9DB52817E5}.Release|Any CPU.Build.0 = Release|Any CPU
		{A8EA0BA2-596B-4C89-8DDC-BF81AE914B07}.Debug|Any CPU.ActiveCfg = Debug|Any CPU
		{A8EA0BA2-596B-4C89-8DDC-BF81AE914B07}.Debug|Any CPU.Build.0 = Debug|Any CPU
		{A8EA0BA2-596B-4C89-8DDC-BF81AE914B07}.Release|Any CPU.ActiveCfg = Release|Any CPU
		{A8EA0BA2-596B-4C89-8DDC-BF81AE914B07}.Release|Any CPU.Build.0 = Release|Any CPU
		{4508A88E-A5F4-46EE-86B0-76C268C002A9}.Debug|Any CPU.ActiveCfg = Debug|Any CPU
		{4508A88E-A5F4-46EE-86B0-76C268C002A9}.Debug|Any CPU.Build.0 = Debug|Any CPU
		{4508A88E-A5F4-46EE-86B0-76C268C002A9}.Release|Any CPU.ActiveCfg = Release|Any CPU
		{4508A88E-A5F4-46EE-86B0-76C268C002A9}.Release|Any CPU.Build.0 = Release|Any CPU
		{F013ACB5-A919-4B9F-AEA1-1094B169CB21}.Debug|Any CPU.ActiveCfg = Debug|Any CPU
		{F013ACB5-A919-4B9F-AEA1-1094B169CB21}.Debug|Any CPU.Build.0 = Debug|Any CPU
		{F013ACB5-A919-4B9F-AEA1-1094B169CB21}.Release|Any CPU.ActiveCfg = Release|Any CPU
		{F013ACB5-A919-4B9F-AEA1-1094B169CB21}.Release|Any CPU.Build.0 = Release|Any CPU
		{89209AA1-B1B0-446A-BFC8-F64303E8FD60}.Debug|Any CPU.ActiveCfg = Debug|Any CPU
		{89209AA1-B1B0-446A-BFC8-F64303E8FD60}.Debug|Any CPU.Build.0 = Debug|Any CPU
		{89209AA1-B1B0-446A-BFC8-F64303E8FD60}.Release|Any CPU.ActiveCfg = Release|Any CPU
		{89209AA1-B1B0-446A-BFC8-F64303E8FD60}.Release|Any CPU.Build.0 = Release|Any CPU
		{D5FA1BE6-7F8B-4342-A912-FB02D55D1E06}.Debug|Any CPU.ActiveCfg = Debug|Any CPU
		{D5FA1BE6-7F8B-4342-A912-FB02D55D1E06}.Debug|Any CPU.Build.0 = Debug|Any CPU
		{D5FA1BE6-7F8B-4342-A912-FB02D55D1E06}.Release|Any CPU.ActiveCfg = Release|Any CPU
		{D5FA1BE6-7F8B-4342-A912-FB02D55D1E06}.Release|Any CPU.Build.0 = Release|Any CPU
		{94D9C609-3B94-4D1B-8F03-2331BBC9DB3C}.Debug|Any CPU.ActiveCfg = Debug|Any CPU
		{94D9C609-3B94-4D1B-8F03-2331BBC9DB3C}.Debug|Any CPU.Build.0 = Debug|Any CPU
		{94D9C609-3B94-4D1B-8F03-2331BBC9DB3C}.Release|Any CPU.ActiveCfg = Release|Any CPU
		{94D9C609-3B94-4D1B-8F03-2331BBC9DB3C}.Release|Any CPU.Build.0 = Release|Any CPU
		{AAD48569-4A7A-4FC0-A0A5-5BCB37FC25C4}.Debug|Any CPU.ActiveCfg = Debug|Any CPU
		{AAD48569-4A7A-4FC0-A0A5-5BCB37FC25C4}.Debug|Any CPU.Build.0 = Debug|Any CPU
		{AAD48569-4A7A-4FC0-A0A5-5BCB37FC25C4}.Release|Any CPU.ActiveCfg = Release|Any CPU
		{AAD48569-4A7A-4FC0-A0A5-5BCB37FC25C4}.Release|Any CPU.Build.0 = Release|Any CPU
		{F4B2C3EA-5A81-43C0-A266-11E18C484C08}.Debug|Any CPU.ActiveCfg = Debug|Any CPU
		{F4B2C3EA-5A81-43C0-A266-11E18C484C08}.Debug|Any CPU.Build.0 = Debug|Any CPU
		{F4B2C3EA-5A81-43C0-A266-11E18C484C08}.Release|Any CPU.ActiveCfg = Release|Any CPU
		{F4B2C3EA-5A81-43C0-A266-11E18C484C08}.Release|Any CPU.Build.0 = Release|Any CPU
		{FA4829CA-F3AB-40E9-BE26-1D97BB4FF356}.Debug|Any CPU.ActiveCfg = Debug|Any CPU
		{FA4829CA-F3AB-40E9-BE26-1D97BB4FF356}.Debug|Any CPU.Build.0 = Debug|Any CPU
		{FA4829CA-F3AB-40E9-BE26-1D97BB4FF356}.Release|Any CPU.ActiveCfg = Release|Any CPU
		{FA4829CA-F3AB-40E9-BE26-1D97BB4FF356}.Release|Any CPU.Build.0 = Release|Any CPU
	EndGlobalSection
	GlobalSection(SolutionProperties) = preSolution
		HideSolutionNode = FALSE
	EndGlobalSection
	GlobalSection(NestedProjects) = preSolution
		{502C56C0-4B61-43CC-BF95-5F3030B7A8C5} = {33FABC40-81F1-4235-B56A-3939C3D3AE34}
		{E0B13D05-3EF0-4D2C-A671-361DD0419B4B} = {33FABC40-81F1-4235-B56A-3939C3D3AE34}
		{193D533F-A345-4D8D-AA27-5CA4116392DC} = {33FABC40-81F1-4235-B56A-3939C3D3AE34}
		{98093839-2A7A-48AC-80C6-531D5A30A5C4} = {33FABC40-81F1-4235-B56A-3939C3D3AE34}
		{C7F6198F-6CD4-4186-BC0F-943EA50A3C93} = {33FABC40-81F1-4235-B56A-3939C3D3AE34}
		{9B17EACE-43CB-40B8-B89B-46F8D5221F87} = {0F5B2C63-AB5E-43F8-8708-161291FFD2A6}
		{F681BE28-C36E-4AFE-91D5-B80774F06EA6} = {0F5B2C63-AB5E-43F8-8708-161291FFD2A6}
		{149328B7-2907-407D-9029-107B7EFF4FAC} = {0F5B2C63-AB5E-43F8-8708-161291FFD2A6}
		{50D34832-05BD-420C-9A21-1F2917FD35DD} = {0F5B2C63-AB5E-43F8-8708-161291FFD2A6}
		{97FEFD77-740C-4C0C-84DF-5C9DB52817E5} = {0F5B2C63-AB5E-43F8-8708-161291FFD2A6}
		{A8EA0BA2-596B-4C89-8DDC-BF81AE914B07} = {C06D0B1A-030F-40CC-B1B2-B28B4181E602}
		{4508A88E-A5F4-46EE-86B0-76C268C002A9} = {C06D0B1A-030F-40CC-B1B2-B28B4181E602}
		{F013ACB5-A919-4B9F-AEA1-1094B169CB21} = {C06D0B1A-030F-40CC-B1B2-B28B4181E602}
		{89209AA1-B1B0-446A-BFC8-F64303E8FD60} = {C06D0B1A-030F-40CC-B1B2-B28B4181E602}
		{D5FA1BE6-7F8B-4342-A912-FB02D55D1E06} = {79B01264-BDE0-4F25-B45E-4D4A05DADED2}
		{94D9C609-3B94-4D1B-8F03-2331BBC9DB3C} = {79B01264-BDE0-4F25-B45E-4D4A05DADED2}
		{AAD48569-4A7A-4FC0-A0A5-5BCB37FC25C4} = {79B01264-BDE0-4F25-B45E-4D4A05DADED2}
		{F4B2C3EA-5A81-43C0-A266-11E18C484C08} = {79B01264-BDE0-4F25-B45E-4D4A05DADED2}
		{FA4829CA-F3AB-40E9-BE26-1D97BB4FF356} = {D3C172C3-FC32-410C-9DCB-EDE6FB50CE83}
	EndGlobalSection
	GlobalSection(ExtensibilityGlobals) = postSolution
		SolutionGuid = {39BA57DE-E141-4D05-96D9-45B9ABBD4A4E}
	EndGlobalSection
EndGlobal
